
Microsoft Visual Studio Solution File, Format Version 11.00
# Visual Studio 2010
Project("{FAE04EC0-301F-11D3-BF4B-00C04F79EFBC}") = "DZ.Web", "DZ.Web\DZ.Web.csproj", "{A46CCCEF-536B-4B46-A78C-A4DDFE8E7AD2}"
EndProject
Project("{FAE04EC0-301F-11D3-BF4B-00C04F79EFBC}") = "DZ.Web.Tests", "DZ.Web.Tests\DZ.Web.Tests.csproj", "{69B0F9CD-41BD-4065-9130-2C51F7E81395}"
EndProject
Global
	GlobalSection(SolutionConfigurationPlatforms) = preSolution
		Debug|Any CPU = Debug|Any CPU
		Release|Any CPU = Release|Any CPU
	EndGlobalSection
	GlobalSection(ProjectConfigurationPlatforms) = postSolution
		{A46CCCEF-536B-4B46-A78C-A4DDFE8E7AD2}.Debug|Any CPU.ActiveCfg = Debug|Any CPU
		{A46CCCEF-536B-4B46-A78C-A4DDFE8E7AD2}.Debug|Any CPU.Build.0 = Debug|Any CPU
		{A46CCCEF-536B-4B46-A78C-A4DDFE8E7AD2}.Release|Any CPU.ActiveCfg = Release|Any CPU
		{A46CCCEF-536B-4B46-A78C-A4DDFE8E7AD2}.Release|Any CPU.Build.0 = Release|Any CPU
		{69B0F9CD-41BD-4065-9130-2C51F7E81395}.Debug|Any CPU.ActiveCfg = Debug|Any CPU
		{69B0F9CD-41BD-4065-9130-2C51F7E81395}.Debug|Any CPU.Build.0 = Debug|Any CPU
		{69B0F9CD-41BD-4065-9130-2C51F7E81395}.Release|Any CPU.ActiveCfg = Release|Any CPU
		{69B0F9CD-41BD-4065-9130-2C51F7E81395}.Release|Any CPU.Build.0 = Release|Any CPU
	EndGlobalSection
	GlobalSection(SolutionProperties) = preSolution
		HideSolutionNode = FALSE
	EndGlobalSection
EndGlobal
